
Microsoft Visual Studio Solution File, Format Version 12.00
# Visual Studio Version 17
VisualStudioVersion = 17.7.34202.233
MinimumVisualStudioVersion = 10.0.40219.1
Project("{FAE04EC0-301F-11D3-BF4B-00C04F79EFBC}") = "Gallery", "Gallery\Gallery.csproj", "{E77DB806-BACD-4C2E-88C4-00CE0583DB4F}"
EndProject
Project("{FAE04EC0-301F-11D3-BF4B-00C04F79EFBC}") = "Gallery.Core", "Gallery.Core\Gallery.Core.csproj", "{09E4E80B-BC4F-4248-BEAA-66BC35BBA510}"
EndProject
Project("{FAE04EC0-301F-11D3-BF4B-00C04F79EFBC}") = "Gallery.Data", "Gallery.Data\Gallery.Data.csproj", "{FD29E289-61E6-4345-A422-98C09ED7DB00}"
EndProject
Global
	GlobalSection(SolutionConfigurationPlatforms) = preSolution
		Debug|Any CPU = Debug|Any CPU
		Release|Any CPU = Release|Any CPU
	EndGlobalSection
	GlobalSection(ProjectConfigurationPlatforms) = postSolution
		{E77DB806-BACD-4C2E-88C4-00CE0583DB4F}.Debug|Any CPU.ActiveCfg = Debug|Any CPU
		{E77DB806-BACD-4C2E-88C4-00CE0583DB4F}.Debug|Any CPU.Build.0 = Debug|Any CPU
		{E77DB806-BACD-4C2E-88C4-00CE0583DB4F}.Release|Any CPU.ActiveCfg = Release|Any CPU
		{E77DB806-BACD-4C2E-88C4-00CE0583DB4F}.Release|Any CPU.Build.0 = Release|Any CPU
		{09E4E80B-BC4F-4248-BEAA-66BC35BBA510}.Debug|Any CPU.ActiveCfg = Debug|Any CPU
		{09E4E80B-BC4F-4248-BEAA-66BC35BBA510}.Debug|Any CPU.Build.0 = Debug|Any CPU
		{09E4E80B-BC4F-4248-BEAA-66BC35BBA510}.Release|Any CPU.ActiveCfg = Release|Any CPU
		{09E4E80B-BC4F-4248-BEAA-66BC35BBA510}.Release|Any CPU.Build.0 = Release|Any CPU
		{FD29E289-61E6-4345-A422-98C09ED7DB00}.Debug|Any CPU.ActiveCfg = Debug|Any CPU
		{FD29E289-61E6-4345-A422-98C09ED7DB00}.Debug|Any CPU.Build.0 = Debug|Any CPU
		{FD29E289-61E6-4345-A422-98C09ED7DB00}.Release|Any CPU.ActiveCfg = Release|Any CPU
		{FD29E289-61E6-4345-A422-98C09ED7DB00}.Release|Any CPU.Build.0 = Release|Any CPU
	EndGlobalSection
	GlobalSection(SolutionProperties) = preSolution
		HideSolutionNode = FALSE
	EndGlobalSection
	GlobalSection(ExtensibilityGlobals) = postSolution
		SolutionGuid = {B38E29F9-6322-4AE1-91B2-0F8DE33D5EC0}
	EndGlobalSection
EndGlobal
